{
  "name": "home-control",
  "version": "1.0.0",
  "lockfileVersion": 3,
  "requires": true,
  "packages": {
    "": {
      "name": "home-control",
      "version": "1.0.0",
      "dependencies": {
        "@smarthome/core": "file:../smarthome-core"
      }
    },
    "../smarthome-core": {
      "name": "@smarthome/core",
      "version": "0.1.0",
      "license": "UNLICENSED"
    },
    "node_modules/@smarthome/core": {
      "resolved": "../smarthome-core",
      "link": true
    }
  }
}
